
Microsoft Visual Studio Solution File, Format Version 12.00
# Visual Studio Version 17
VisualStudioVersion = 17.13.35931.197 d17.13
MinimumVisualStudioVersion = 10.0.40219.1
Project("{FAE04EC0-301F-11D3-BF4B-00C04F79EFBC}") = "AssignmentOpe", "AssignmentOpe\AssignmentOpe.csproj", "{1C5BE921-7C54-4735-A774-6D8443920970}"
EndProject
Global
	GlobalSection(SolutionConfigurationPlatforms) = preSolution
		Debug|Any CPU = Debug|Any CPU
		Release|Any CPU = Release|Any CPU
	EndGlobalSection
	GlobalSection(ProjectConfigurationPlatforms) = postSolution
		{1C5BE921-7C54-4735-A774-6D8443920970}.Debug|Any CPU.ActiveCfg = Debug|Any CPU
		{1C5BE921-7C54-4735-A774-6D8443920970}.Debug|Any CPU.Build.0 = Debug|Any CPU
		{1C5BE921-7C54-4735-A774-6D8443920970}.Release|Any CPU.ActiveCfg = Release|Any CPU
		{1C5BE921-7C54-4735-A774-6D8443920970}.Release|Any CPU.Build.0 = Release|Any CPU
	EndGlobalSection
	GlobalSection(SolutionProperties) = preSolution
		HideSolutionNode = FALSE
	EndGlobalSection
	GlobalSection(ExtensibilityGlobals) = postSolution
		SolutionGuid = {BAEEBCF6-CD15-4834-B1D3-9579A7F9A169}
	EndGlobalSection
EndGlobal
